{
  "name": "lomap_es1b",
  "lockfileVersion": 3,
  "requires": true,
  "packages": {
    "": {
      "dependencies": {
        "limiter": "^2.1.0",
        "rdf-namespaces": "^1.10.1"
      }
    },
    "node_modules/just-performance": {
      "version": "4.3.0",
      "resolved": "https://registry.npmjs.org/just-performance/-/just-performance-4.3.0.tgz",
      "integrity": "sha512-L7RjvtJsL0QO8xFs5wEoDDzzJwoiowRw6Rn/GnvldlchS2JQr9wFYPiwZcDfrbbujEKqKN0tvENdbjXdYhDp5Q=="
    },
    "node_modules/limiter": {
      "version": "2.1.0",
      "resolved": "https://registry.npmjs.org/limiter/-/limiter-2.1.0.tgz",
      "integrity": "sha512-361TYz6iay6n+9KvUUImqdLuFigK+K79qrUtBsXhJTLdH4rIt/r1y8r1iozwh8KbZNpujbFTSh74mJ7bwbAMOw==",
      "dependencies": {
        "just-performance": "4.3.0"
      }
    },
    "node_modules/rdf-namespaces": {
      "version": "1.10.1",
      "resolved": "https://registry.npmjs.org/rdf-namespaces/-/rdf-namespaces-1.10.1.tgz",
      "integrity": "sha512-oWQf5Q2OPizRgrZQuh5IG5203Vu7iGVDN2JxAdlyQ2PikyYvTRZJaGhXH0sHmj/qKNWgWMtc7w9E4lSHHjLyKA=="
    }
  }
}
